
Microsoft Visual Studio Solution File, Format Version 12.00
# Visual Studio Version 17
VisualStudioVersion = 17.12.35527.113 d17.12
MinimumVisualStudioVersion = 10.0.40219.1
Project("{FAE04EC0-301F-11D3-BF4B-00C04F79EFBC}") = "assign03oop", "assign03oop\assign03oop.csproj", "{0877DEA3-CE2E-45E2-A499-3E318980CAC6}"
EndProject
Global
	GlobalSection(SolutionConfigurationPlatforms) = preSolution
		Debug|Any CPU = Debug|Any CPU
		Release|Any CPU = Release|Any CPU
	EndGlobalSection
	GlobalSection(ProjectConfigurationPlatforms) = postSolution
		{0877DEA3-CE2E-45E2-A499-3E318980CAC6}.Debug|Any CPU.ActiveCfg = Debug|Any CPU
		{0877DEA3-CE2E-45E2-A499-3E318980CAC6}.Debug|Any CPU.Build.0 = Debug|Any CPU
		{0877DEA3-CE2E-45E2-A499-3E318980CAC6}.Release|Any CPU.ActiveCfg = Release|Any CPU
		{0877DEA3-CE2E-45E2-A499-3E318980CAC6}.Release|Any CPU.Build.0 = Release|Any CPU
	EndGlobalSection
	GlobalSection(SolutionProperties) = preSolution
		HideSolutionNode = FALSE
	EndGlobalSection
EndGlobal
